
Microsoft Visual Studio Solution File, Format Version 12.00
# Visual Studio Version 17
VisualStudioVersion = 17.3.32811.315
MinimumVisualStudioVersion = 10.0.40219.1
Project("{FAE04EC0-301F-11D3-BF4B-00C04F79EFBC}") = "User_Registration", "User_Registration.csproj", "{422D9086-8A6B-428F-BF56-478497D8D749}"
EndProject
Global
	GlobalSection(SolutionConfigurationPlatforms) = preSolution
		Debug|Any CPU = Debug|Any CPU
		Release|Any CPU = Release|Any CPU
	EndGlobalSection
	GlobalSection(ProjectConfigurationPlatforms) = postSolution
		{422D9086-8A6B-428F-BF56-478497D8D749}.Debug|Any CPU.ActiveCfg = Debug|Any CPU
		{422D9086-8A6B-428F-BF56-478497D8D749}.Debug|Any CPU.Build.0 = Debug|Any CPU
		{422D9086-8A6B-428F-BF56-478497D8D749}.Release|Any CPU.ActiveCfg = Release|Any CPU
		{422D9086-8A6B-428F-BF56-478497D8D749}.Release|Any CPU.Build.0 = Release|Any CPU
	EndGlobalSection
	GlobalSection(SolutionProperties) = preSolution
		HideSolutionNode = FALSE
	EndGlobalSection
	GlobalSection(ExtensibilityGlobals) = postSolution
		SolutionGuid = {7F283733-F2DF-4D9C-94A8-31BB697A473B}
	EndGlobalSection
EndGlobal
